
Microsoft Visual Studio Solution File, Format Version 12.00
# Visual Studio Version 17
VisualStudioVersion = 17.6.33723.286
MinimumVisualStudioVersion = 10.0.40219.1
Project("{9A19103F-16F7-4668-BE54-9A1E7A4F7556}") = "UserCreator", "UserCreator.csproj", "{8B4D7DD6-DBCE-4A32-8A25-99177F859DFE}"
EndProject
Project("{9A19103F-16F7-4668-BE54-9A1E7A4F7556}") = "UnitTest", "..\UnitTest\UnitTest.csproj", "{34324B6B-C8A3-4172-B9E9-BDF696DE01E3}"
EndProject
Global
	GlobalSection(SolutionConfigurationPlatforms) = preSolution
		Debug|Any CPU = Debug|Any CPU
		Release|Any CPU = Release|Any CPU
	EndGlobalSection
	GlobalSection(ProjectConfigurationPlatforms) = postSolution
		{8B4D7DD6-DBCE-4A32-8A25-99177F859DFE}.Debug|Any CPU.ActiveCfg = Debug|Any CPU
		{8B4D7DD6-DBCE-4A32-8A25-99177F859DFE}.Debug|Any CPU.Build.0 = Debug|Any CPU
		{8B4D7DD6-DBCE-4A32-8A25-99177F859DFE}.Release|Any CPU.ActiveCfg = Release|Any CPU
		{8B4D7DD6-DBCE-4A32-8A25-99177F859DFE}.Release|Any CPU.Build.0 = Release|Any CPU
		{34324B6B-C8A3-4172-B9E9-BDF696DE01E3}.Debug|Any CPU.ActiveCfg = Debug|Any CPU
		{34324B6B-C8A3-4172-B9E9-BDF696DE01E3}.Debug|Any CPU.Build.0 = Debug|Any CPU
		{34324B6B-C8A3-4172-B9E9-BDF696DE01E3}.Release|Any CPU.ActiveCfg = Release|Any CPU
		{34324B6B-C8A3-4172-B9E9-BDF696DE01E3}.Release|Any CPU.Build.0 = Release|Any CPU
	EndGlobalSection
	GlobalSection(SolutionProperties) = preSolution
		HideSolutionNode = FALSE
	EndGlobalSection
	GlobalSection(ExtensibilityGlobals) = postSolution
		SolutionGuid = {515CF3CC-5AC9-44F3-B62F-A316B5DA3DDC}
	EndGlobalSection
EndGlobal
